
Microsoft Visual Studio Solution File, Format Version 12.00
# Visual Studio Version 17
VisualStudioVersion = 17.8.34408.163
MinimumVisualStudioVersion = 10.0.40219.1
Project("{FAE04EC0-301F-11D3-BF4B-00C04F79EFBC}") = "Mod6_1302200091", "Mod6_1302200091\Mod6_1302200091.csproj", "{E4422C22-5EC2-46A2-8B76-15B6B7D3F932}"
EndProject
Global
	GlobalSection(SolutionConfigurationPlatforms) = preSolution
		Debug|Any CPU = Debug|Any CPU
		Release|Any CPU = Release|Any CPU
	EndGlobalSection
	GlobalSection(ProjectConfigurationPlatforms) = postSolution
		{E4422C22-5EC2-46A2-8B76-15B6B7D3F932}.Debug|Any CPU.ActiveCfg = Debug|Any CPU
		{E4422C22-5EC2-46A2-8B76-15B6B7D3F932}.Debug|Any CPU.Build.0 = Debug|Any CPU
		{E4422C22-5EC2-46A2-8B76-15B6B7D3F932}.Release|Any CPU.ActiveCfg = Release|Any CPU
		{E4422C22-5EC2-46A2-8B76-15B6B7D3F932}.Release|Any CPU.Build.0 = Release|Any CPU
	EndGlobalSection
	GlobalSection(SolutionProperties) = preSolution
		HideSolutionNode = FALSE
	EndGlobalSection
	GlobalSection(ExtensibilityGlobals) = postSolution
		SolutionGuid = {146D5877-E7A9-413E-B513-A4E026DC5C49}
	EndGlobalSection
EndGlobal
